
Microsoft Visual Studio Solution File, Format Version 12.00
# Visual Studio Version 17
VisualStudioVersion = 17.10.34916.146
MinimumVisualStudioVersion = 10.0.40219.1
Project("{FAE04EC0-301F-11D3-BF4B-00C04F79EFBC}") = "лр№5_2", "лр№5_2.csproj", "{D2AE9A73-10DB-433F-8160-C11CC86DD526}"
EndProject
Project("{FAE04EC0-301F-11D3-BF4B-00C04F79EFBC}") = "лр№5_2Б", "..\лр№5_2Б\лр№5_2Б.csproj", "{74AFE3B8-46CF-418B-A48C-2F619BDCB03F}"
EndProject
Global
	GlobalSection(SolutionConfigurationPlatforms) = preSolution
		Debug|Any CPU = Debug|Any CPU
		Release|Any CPU = Release|Any CPU
	EndGlobalSection
	GlobalSection(ProjectConfigurationPlatforms) = postSolution
		{D2AE9A73-10DB-433F-8160-C11CC86DD526}.Debug|Any CPU.ActiveCfg = Debug|Any CPU
		{D2AE9A73-10DB-433F-8160-C11CC86DD526}.Debug|Any CPU.Build.0 = Debug|Any CPU
		{D2AE9A73-10DB-433F-8160-C11CC86DD526}.Release|Any CPU.ActiveCfg = Release|Any CPU
		{D2AE9A73-10DB-433F-8160-C11CC86DD526}.Release|Any CPU.Build.0 = Release|Any CPU
		{74AFE3B8-46CF-418B-A48C-2F619BDCB03F}.Debug|Any CPU.ActiveCfg = Debug|Any CPU
		{74AFE3B8-46CF-418B-A48C-2F619BDCB03F}.Debug|Any CPU.Build.0 = Debug|Any CPU
		{74AFE3B8-46CF-418B-A48C-2F619BDCB03F}.Release|Any CPU.ActiveCfg = Release|Any CPU
		{74AFE3B8-46CF-418B-A48C-2F619BDCB03F}.Release|Any CPU.Build.0 = Release|Any CPU
	EndGlobalSection
	GlobalSection(SolutionProperties) = preSolution
		HideSolutionNode = FALSE
	EndGlobalSection
	GlobalSection(ExtensibilityGlobals) = postSolution
		SolutionGuid = {BD2F13C1-6E48-43E4-9E45-4909E0B39668}
	EndGlobalSection
EndGlobal
